<?xml version="1.0" encoding="UTF-8" standalone="yes" ?>
<CodeBlocks_project_file>
	<FileVersion major="1" minor="6" />
	<Project>
		<Option title="dz" />
		<Option pch_mode="2" />
		<Option compiler="gcc" />
		<Build>
			<Target title="Debug">
				<Option output="bin/Debug/dz" prefix_auto="1" extension_auto="1" />
				<Option object_output="obj/Debug/" />
				<Option type="1" />
				<Option compiler="gcc" />
				<Compiler>
					<Add option="-g" />
				</Compiler>
			</Target>
			<Target title="Release">
				<Option output="bin/Release/dz" prefix_auto="1" extension_auto="1" />
				<Option object_output="obj/Release/" />
				<Option type="1" />
				<Option compiler="gcc" />
				<Compiler>
					<Add option="-O2" />
				</Compiler>
				<Linker>
					<Add option="-s" />
				</Linker>
			</Target>
		</Build>
		<Compiler>
			<Add option="-Wall" />
			<Add option="-fexceptions" />
		</Compiler>
		<Unit filename="Untitled1.cpp" />
		<Unit filename="Untitled2.cpp" />
		<Unit filename="Untitled3.cpp" />
		<Unit filename="Untitled4.cpp" />
		<Unit filename="Untitled5.cpp" />
		<Unit filename="Untitled6.cpp" />
		<Unit filename="bubble.cpp" />
		<Unit filename="draughts.cpp" />
		<Unit filename="dyna_pro.cpp" />
		<Unit filename="explosives.cpp" />
		<Unit filename="heapsort.cpp" />
		<Unit filename="insertion.cpp" />
		<Unit filename="kuznechik.cpp" />
		<Unit filename="main.cpp" />
		<Unit filename="merge.cpp" />
		<Unit filename="quick_sort.cpp" />
		<Unit filename="ride.cpp" />
		<Unit filename="rucksack.cpp" />
		<Unit filename="selection.cpp" />
		<Unit filename="shoko.cpp" />
		<Unit filename="test.cpp" />
		<Extensions>
			<lib_finder disable_auto="1" />
		</Extensions>
	</Project>
</CodeBlocks_project_file>
